// !$*UTF8*$!
{
	archiveVersion = 1;
	classes = {
	};
	objectVersion = 48;
	objects = {

/* Begin PBXBuildFile section */
		84C4E605204B448A008D7191 /* parseline.c in Sources */ = {isa = PBXBuildFile; fileRef = 84C4E604204B448A008D7191 /* parseline.c */; };
		84C4E60F204B5AEF008D7191 /* Makefile in Sources */ = {isa = PBXBuildFile; fileRef = 84C4E60C204B5AEF008D7191 /* Makefile */; };
		84C4E610204B5AEF008D7191 /* checker.c in Sources */ = {isa = PBXBuildFile; fileRef = 84C4E60D204B5AEF008D7191 /* checker.c */; };
/* End PBXBuildFile section */

/* Begin PBXCopyFilesBuildPhase section */
		84C4E5FF204B4489008D7191 /* CopyFiles */ = {
			isa = PBXCopyFilesBuildPhase;
			buildActionMask = 2147483647;
			dstPath = /usr/share/man/man1/;
			dstSubfolderSpec = 0;
			files = (
			);
			runOnlyForDeploymentPostprocessing = 1;
		};
/* End PBXCopyFilesBuildPhase section */

/* Begin PBXFileReference section */
		84C4E601204B448A008D7191 /* asgn5 */ = {isa = PBXFileReference; explicitFileType = "compiled.mach-o.executable"; includeInIndex = 0; path = asgn5; sourceTree = BUILT_PRODUCTS_DIR; };
		84C4E604204B448A008D7191 /* parseline.c */ = {isa = PBXFileReference; lastKnownFileType = sourcecode.c.c; path = parseline.c; sourceTree = "<group>"; };
		84C4E60B204B44FA008D7191 /* parseline.h */ = {isa = PBXFileReference; lastKnownFileType = sourcecode.c.h; path = parseline.h; sourceTree = "<group>"; };
		84C4E60C204B5AEF008D7191 /* Makefile */ = {isa = PBXFileReference; fileEncoding = 4; lastKnownFileType = sourcecode.make; path = Makefile; sourceTree = "<group>"; };
		84C4E60D204B5AEF008D7191 /* checker.c */ = {isa = PBXFileReference; fileEncoding = 4; lastKnownFileType = sourcecode.c.c; path = checker.c; sourceTree = "<group>"; };
		84C4E60E204B5AEF008D7191 /* checker.h */ = {isa = PBXFileReference; fileEncoding = 4; lastKnownFileType = sourcecode.c.h; path = checker.h; sourceTree = "<group>"; };
		84C4E611204DE4B4008D7191 /* README */ = {isa = PBXFileReference; lastKnownFileType = text; path = README; sourceTree = "<group>"; };
/* End PBXFileReference section */

/* Begin PBXFrameworksBuildPhase section */
		84C4E5FE204B4489008D7191 /* Frameworks */ = {
			isa = PBXFrameworksBuildPhase;
			buildActionMask = 2147483647;
			files = (
			);
			runOnlyForDeploymentPostprocessing = 0;
		};
/* End PBXFrameworksBuildPhase section */

/* Begin PBXGroup section */
		84C4E5F8204B4489008D7191 = {
			isa = PBXGroup;
			children = (
				84C4E603204B448A008D7191 /* asgn5 */,
				84C4E602204B448A008D7191 /* Products */,
			);
			sourceTree = "<group>";
		};
		84C4E602204B448A008D7191 /* Products */ = {
			isa = PBXGroup;
			children = (
				84C4E601204B448A008D7191 /* asgn5 */,
			);
			name = Products;
			sourceTree = "<group>";
		};
		84C4E603204B448A008D7191 /* asgn5 */ = {
			isa = PBXGroup;
			children = (
				84C4E611204DE4B4008D7191 /* README */,
				84C4E60D204B5AEF008D7191 /* checker.c */,
				84C4E60E204B5AEF008D7191 /* checker.h */,
				84C4E60C204B5AEF008D7191 /* Makefile */,
				84C4E60B204B44FA008D7191 /* parseline.h */,
				84C4E604204B448A008D7191 /* parseline.c */,
			);
			path = asgn5;
			sourceTree = "<group>";
		};
/* End PBXGroup section */

/* Begin PBXNativeTarget section */
		84C4E600204B4489008D7191 /* asgn5 */ = {
			isa = PBXNativeTarget;
			buildConfigurationList = 84C4E608204B448A008D7191 /* Build configuration list for PBXNativeTarget "asgn5" */;
			buildPhases = (
				84C4E5FD204B4489008D7191 /* Sources */,
				84C4E5FE204B4489008D7191 /* Frameworks */,
				84C4E5FF204B4489008D7191 /* CopyFiles */,
			);
			buildRules = (
			);
			dependencies = (
			);
			name = asgn5;
			productName = asgn5;
			productReference = 84C4E601204B448A008D7191 /* asgn5 */;
			productType = "com.apple.product-type.tool";
		};
/* End PBXNativeTarget section */

/* Begin PBXProject section */
		84C4E5F9204B4489008D7191 /* Project object */ = {
			isa = PBXProject;
			attributes = {
				LastUpgradeCheck = 0920;
				ORGANIZATIONNAME = "Caitlin Settles";
				TargetAttributes = {
					84C4E600204B4489008D7191 = {
						CreatedOnToolsVersion = 9.2;
						ProvisioningStyle = Automatic;
					};
				};
			};
			buildConfigurationList = 84C4E5FC204B4489008D7191 /* Build configuration list for PBXProject "asgn5" */;
			compatibilityVersion = "Xcode 8.0";
			developmentRegion = en;
			hasScannedForEncodings = 0;
			knownRegions = (
				en,
			);
			mainGroup = 84C4E5F8204B4489008D7191;
			productRefGroup = 84C4E602204B448A008D7191 /* Products */;
			projectDirPath = "";
			projectRoot = "";
			targets = (
				84C4E600204B4489008D7191 /* asgn5 */,
			);
		};
/* End PBXProject section */

/* Begin PBXSourcesBuildPhase section */
		84C4E5FD204B4489008D7191 /* Sources */ = {
			isa = PBXSourcesBuildPhase;
			buildActionMask = 2147483647;
			files = (
				84C4E610204B5AEF008D7191 /* checker.c in Sources */,
				84C4E60F204B5AEF008D7191 /* Makefile in Sources */,
				84C4E605204B448A008D7191 /* parseline.c in Sources */,
			);
			runOnlyForDeploymentPostprocessing = 0;
		};
/* End PBXSourcesBuildPhase section */

/* Begin XCBuildConfiguration section */
		84C4E606204B448A008D7191 /* Debug */ = {
			isa = XCBuildConfiguration;
			buildSettings = {
				ALWAYS_SEARCH_USER_PATHS = NO;
				CLANG_ANALYZER_NONNULL = YES;
				CLANG_ANALYZER_NUMBER_OBJECT_CONVERSION = YES_AGGRESSIVE;
				CLANG_CXX_LANGUAGE_STANDARD = "gnu++14";
				CLANG_CXX_LIBRARY = "libc++";
				CLANG_ENABLE_MODULES = YES;
				CLANG_ENABLE_OBJC_ARC = YES;
				CLANG_WARN_BLOCK_CAPTURE_AUTORELEASING = YES;
				CLANG_WARN_BOOL_CONVERSION = YES;
				CLANG_WARN_COMMA = YES;
				CLANG_WARN_CONSTANT_CONVERSION = YES;
				CLANG_WARN_DIRECT_OBJC_ISA_USAGE = YES_ERROR;
				CLANG_WARN_DOCUMENTATION_COMMENTS = YES;
				CLANG_WARN_EMPTY_BODY = YES;
				CLANG_WARN_ENUM_CONVERSION = YES;
				CLANG_WARN_INFINITE_RECURSION = YES;
				CLANG_WARN_INT_CONVERSION = YES;
				CLANG_WARN_NON_LITERAL_NULL_CONVERSION = YES;
				CLANG_WARN_OBJC_LITERAL_CONVERSION = YES;
				CLANG_WARN_OBJC_ROOT_CLASS = YES_ERROR;
				CLANG_WARN_RANGE_LOOP_ANALYSIS = YES;
				CLANG_WARN_STRICT_PROTOTYPES = YES;
				CLANG_WARN_SUSPICIOUS_MOVE = YES;
				CLANG_WARN_UNGUARDED_AVAILABILITY = YES_AGGRESSIVE;
				CLANG_WARN_UNREACHABLE_CODE = YES;
				CLANG_WARN__DUPLICATE_METHOD_MATCH = YES;
				CODE_SIGN_IDENTITY = "-";
				COPY_PHASE_STRIP = NO;
				DEBUG_INFORMATION_FORMAT = dwarf;
				ENABLE_STRICT_OBJC_MSGSEND = YES;
				ENABLE_TESTABILITY = YES;
				GCC_C_LANGUAGE_STANDARD = gnu11;
				GCC_DYNAMIC_NO_PIC = NO;
				GCC_NO_COMMON_BLOCKS = YES;
				GCC_OPTIMIZATION_LEVEL = 0;
				GCC_PREPROCESSOR_DEFINITIONS = (
					"DEBUG=1",
					"$(inherited)",
				);
				GCC_WARN_64_TO_32_BIT_CONVERSION = YES;
				GCC_WARN_ABOUT_RETURN_TYPE = YES_ERROR;
				GCC_WARN_UNDECLARED_SELECTOR = YES;
				GCC_WARN_UNINITIALIZED_AUTOS = YES_AGGRESSIVE;
				GCC_WARN_UNUSED_FUNCTION = YES;
				GCC_WARN_UNUSED_VARIABLE = YES;
				MACOSX_DEPLOYMENT_TARGET = 10.13;
				MTL_ENABLE_DEBUG_INFO = YES;
				ONLY_ACTIVE_ARCH = YES;
				SDKROOT = macosx;
			};
			name = Debug;
		};
		84C4E607204B448A008D7191 /* Release */ = {
			isa = XCBuildConfiguration;
			buildSettings = {
				ALWAYS_SEARCH_USER_PATHS = NO;
				CLANG_ANALYZER_NONNULL = YES;
				CLANG_ANALYZER_NUMBER_OBJECT_CONVERSION = YES_AGGRESSIVE;
				CLANG_CXX_LANGUAGE_STANDARD = "gnu++14";
				CLANG_CXX_LIBRARY = "libc++";
				CLANG_ENABLE_MODULES = YES;
				CLANG_ENABLE_OBJC_ARC = YES;
				CLANG_WARN_BLOCK_CAPTURE_AUTORELEASING = YES;
				CLANG_WARN_BOOL_CONVERSION = YES;
				CLANG_WARN_COMMA = YES;
				CLANG_WARN_CONSTANT_CONVERSION = YES;
				CLANG_WARN_DIRECT_OBJC_ISA_USAGE = YES_ERROR;
				CLANG_WARN_DOCUMENTATION_COMMENTS = YES;
				CLANG_WARN_EMPTY_BODY = YES;
				CLANG_WARN_ENUM_CONVERSION = YES;
				CLANG_WARN_INFINITE_RECURSION = YES;
				CLANG_WARN_INT_CONVERSION = YES;
				CLANG_WARN_NON_LITERAL_NULL_CONVERSION = YES;
				CLANG_WARN_OBJC_LITERAL_CONVERSION = YES;
				CLANG_WARN_OBJC_ROOT_CLASS = YES_ERROR;
				CLANG_WARN_RANGE_LOOP_ANALYSIS = YES;
				CLANG_WARN_STRICT_PROTOTYPES = YES;
				CLANG_WARN_SUSPICIOUS_MOVE = YES;
				CLANG_WARN_UNGUARDED_AVAILABILITY = YES_AGGRESSIVE;
				CLANG_WARN_UNREACHABLE_CODE = YES;
				CLANG_WARN__DUPLICATE_METHOD_MATCH = YES;
				CODE_SIGN_IDENTITY = "-";
				COPY_PHASE_STRIP = NO;
				DEBUG_INFORMATION_FORMAT = "dwarf-with-dsym";
				ENABLE_NS_ASSERTIONS = NO;
				ENABLE_STRICT_OBJC_MSGSEND = YES;
				GCC_C_LANGUAGE_STANDARD = gnu11;
				GCC_NO_COMMON_BLOCKS = YES;
				GCC_WARN_64_TO_32_BIT_CONVERSION = YES;
				GCC_WARN_ABOUT_RETURN_TYPE = YES_ERROR;
				GCC_WARN_UNDECLARED_SELECTOR = YES;
				GCC_WARN_UNINITIALIZED_AUTOS = YES_AGGRESSIVE;
				GCC_WARN_UNUSED_FUNCTION = YES;
				GCC_WARN_UNUSED_VARIABLE = YES;
				MACOSX_DEPLOYMENT_TARGET = 10.13;
				MTL_ENABLE_DEBUG_INFO = NO;
				SDKROOT = macosx;
			};
			name = Release;
		};
		84C4E609204B448A008D7191 /* Debug */ = {
			isa = XCBuildConfiguration;
			buildSettings = {
				CODE_SIGN_STYLE = Automatic;
				GCC_C_LANGUAGE_STANDARD = ansi;
				PRODUCT_NAME = "$(TARGET_NAME)";
			};
			name = Debug;
		};
		84C4E60A204B448A008D7191 /* Release */ = {
			isa = XCBuildConfiguration;
			buildSettings = {
				CODE_SIGN_STYLE = Automatic;
				GCC_C_LANGUAGE_STANDARD = ansi;
				PRODUCT_NAME = "$(TARGET_NAME)";
			};
			name = Release;
		};
/* End XCBuildConfiguration section */

/* Begin XCConfigurationList section */
		84C4E5FC204B4489008D7191 /* Build configuration list for PBXProject "asgn5" */ = {
			isa = XCConfigurationList;
			buildConfigurations = (
				84C4E606204B448A008D7191 /* Debug */,
				84C4E607204B448A008D7191 /* Release */,
			);
			defaultConfigurationIsVisible = 0;
			defaultConfigurationName = Release;
		};
		84C4E608204B448A008D7191 /* Build configuration list for PBXNativeTarget "asgn5" */ = {
			isa = XCConfigurationList;
			buildConfigurations = (
				84C4E609204B448A008D7191 /* Debug */,
				84C4E60A204B448A008D7191 /* Release */,
			);
			defaultConfigurationIsVisible = 0;
			defaultConfigurationName = Release;
		};
/* End XCConfigurationList section */
	};
	rootObject = 84C4E5F9204B4489008D7191 /* Project object */;
}
